
Microsoft Visual Studio Solution File, Format Version 12.00
# Visual Studio 15
VisualStudioVersion = 15.0.28307.421
MinimumVisualStudioVersion = 10.0.40219.1
Project("{9A19103F-16F7-4668-BE54-9A1E7A4F7556}") = "DialogflowCore", "DialogflowCore.csproj", "{EA54EE97-723D-4205-A793-16E9AFAE1766}"
EndProject
Global
	GlobalSection(SolutionConfigurationPlatforms) = preSolution
		Debug|Any CPU = Debug|Any CPU
		Release|Any CPU = Release|Any CPU
	EndGlobalSection
	GlobalSection(ProjectConfigurationPlatforms) = postSolution
		{EA54EE97-723D-4205-A793-16E9AFAE1766}.Debug|Any CPU.ActiveCfg = Debug|Any CPU
		{EA54EE97-723D-4205-A793-16E9AFAE1766}.Debug|Any CPU.Build.0 = Debug|Any CPU
		{EA54EE97-723D-4205-A793-16E9AFAE1766}.Release|Any CPU.ActiveCfg = Release|Any CPU
		{EA54EE97-723D-4205-A793-16E9AFAE1766}.Release|Any CPU.Build.0 = Release|Any CPU
	EndGlobalSection
	GlobalSection(SolutionProperties) = preSolution
		HideSolutionNode = FALSE
	EndGlobalSection
	GlobalSection(ExtensibilityGlobals) = postSolution
		SolutionGuid = {99B2BBCC-A9EE-48BE-9B7A-88DE9069DA65}
	EndGlobalSection
EndGlobal
